// !$*UTF8*$!
{
	archiveVersion = 1;
	classes = {
	};
	objectVersion = 50;
	objects = {

/* Begin PBXBuildFile section */
		AF568CB820A5F4C4004B1A38 /* ImageViewController.swift in Sources */ = {isa = PBXBuildFile; fileRef = AF568CB720A5F4C4004B1A38 /* ImageViewController.swift */; };
		AF568CBA20A7296C004B1A38 /* MapViewController.swift in Sources */ = {isa = PBXBuildFile; fileRef = AF568CB920A7296C004B1A38 /* MapViewController.swift */; };
		AF7794A520A89AAF00B50053 /* Adres.swift in Sources */ = {isa = PBXBuildFile; fileRef = AF7794A420A89AAF00B50053 /* Adres.swift */; };
		AFAFDAD520849C9B005FD637 /* AppDelegate.swift in Sources */ = {isa = PBXBuildFile; fileRef = AFAFDAD420849C9B005FD637 /* AppDelegate.swift */; };
		AFAFDAD720849C9B005FD637 /* ViewController.swift in Sources */ = {isa = PBXBuildFile; fileRef = AFAFDAD620849C9B005FD637 /* ViewController.swift */; };
		AFAFDADA20849C9B005FD637 /* Main.storyboard in Resources */ = {isa = PBXBuildFile; fileRef = AFAFDAD820849C9B005FD637 /* Main.storyboard */; };
		AFAFDADC20849C9C005FD637 /* Assets.xcassets in Resources */ = {isa = PBXBuildFile; fileRef = AFAFDADB20849C9C005FD637 /* Assets.xcassets */; };
		AFAFDADF20849C9C005FD637 /* LaunchScreen.storyboard in Resources */ = {isa = PBXBuildFile; fileRef = AFAFDADD20849C9C005FD637 /* LaunchScreen.storyboard */; };
		AFAFDAE72084ADA6005FD637 /* TableViewController.swift in Sources */ = {isa = PBXBuildFile; fileRef = AFAFDAE62084ADA6005FD637 /* TableViewController.swift */; };
		AFAFDAE92084B09D005FD637 /* Persoon.swift in Sources */ = {isa = PBXBuildFile; fileRef = AFAFDAE82084B09D005FD637 /* Persoon.swift */; };
		AFAFDAEB2084C534005FD637 /* PersoonViewController.swift in Sources */ = {isa = PBXBuildFile; fileRef = AFAFDAEA2084C534005FD637 /* PersoonViewController.swift */; };
/* End PBXBuildFile section */

/* Begin PBXFileReference section */
		AF13904220A72DAB002C4701 /* Location.gpx */ = {isa = PBXFileReference; lastKnownFileType = text.xml; path = Location.gpx; sourceTree = "<group>"; };
		AF568CB720A5F4C4004B1A38 /* ImageViewController.swift */ = {isa = PBXFileReference; lastKnownFileType = sourcecode.swift; path = ImageViewController.swift; sourceTree = "<group>"; };
		AF568CB920A7296C004B1A38 /* MapViewController.swift */ = {isa = PBXFileReference; lastKnownFileType = sourcecode.swift; path = MapViewController.swift; sourceTree = "<group>"; };
		AF7794A420A89AAF00B50053 /* Adres.swift */ = {isa = PBXFileReference; lastKnownFileType = sourcecode.swift; path = Adres.swift; sourceTree = "<group>"; };
		AFAFDAD120849C9B005FD637 /* Anne-Sophie_Leveugle_werkstuk1.app */ = {isa = PBXFileReference; explicitFileType = wrapper.application; includeInIndex = 0; path = "Anne-Sophie_Leveugle_werkstuk1.app"; sourceTree = BUILT_PRODUCTS_DIR; };
		AFAFDAD420849C9B005FD637 /* AppDelegate.swift */ = {isa = PBXFileReference; lastKnownFileType = sourcecode.swift; path = AppDelegate.swift; sourceTree = "<group>"; };
		AFAFDAD620849C9B005FD637 /* ViewController.swift */ = {isa = PBXFileReference; lastKnownFileType = sourcecode.swift; path = ViewController.swift; sourceTree = "<group>"; };
		AFAFDAD920849C9B005FD637 /* Base */ = {isa = PBXFileReference; lastKnownFileType = file.storyboard; name = Base; path = Base.lproj/Main.storyboard; sourceTree = "<group>"; };
		AFAFDADB20849C9C005FD637 /* Assets.xcassets */ = {isa = PBXFileReference; lastKnownFileType = folder.assetcatalog; path = Assets.xcassets; sourceTree = "<group>"; };
		AFAFDADE20849C9C005FD637 /* Base */ = {isa = PBXFileReference; lastKnownFileType = file.storyboard; name = Base; path = Base.lproj/LaunchScreen.storyboard; sourceTree = "<group>"; };
		AFAFDAE020849C9C005FD637 /* Info.plist */ = {isa = PBXFileReference; lastKnownFileType = text.plist.xml; path = Info.plist; sourceTree = "<group>"; };
		AFAFDAE62084ADA6005FD637 /* TableViewController.swift */ = {isa = PBXFileReference; lastKnownFileType = sourcecode.swift; path = TableViewController.swift; sourceTree = "<group>"; };
		AFAFDAE82084B09D005FD637 /* Persoon.swift */ = {isa = PBXFileReference; lastKnownFileType = sourcecode.swift; path = Persoon.swift; sourceTree = "<group>"; };
		AFAFDAEA2084C534005FD637 /* PersoonViewController.swift */ = {isa = PBXFileReference; lastKnownFileType = sourcecode.swift; path = PersoonViewController.swift; sourceTree = "<group>"; };
/* End PBXFileReference section */

/* Begin PBXFrameworksBuildPhase section */
		AFAFDACE20849C9B005FD637 /* Frameworks */ = {
			isa = PBXFrameworksBuildPhase;
			buildActionMask = 2147483647;
			files = (
			);
			runOnlyForDeploymentPostprocessing = 0;
		};
/* End PBXFrameworksBuildPhase section */

/* Begin PBXGroup section */
		AFAFDAC820849C9B005FD637 = {
			isa = PBXGroup;
			children = (
				AF13904220A72DAB002C4701 /* Location.gpx */,
				AFAFDAD320849C9B005FD637 /* Anne-Sophie_Leveugle_werkstuk1 */,
				AFAFDAD220849C9B005FD637 /* Products */,
			);
			sourceTree = "<group>";
		};
		AFAFDAD220849C9B005FD637 /* Products */ = {
			isa = PBXGroup;
			children = (
				AFAFDAD120849C9B005FD637 /* Anne-Sophie_Leveugle_werkstuk1.app */,
			);
			name = Products;
			sourceTree = "<group>";
		};
		AFAFDAD320849C9B005FD637 /* Anne-Sophie_Leveugle_werkstuk1 */ = {
			isa = PBXGroup;
			children = (
				AF568CB920A7296C004B1A38 /* MapViewController.swift */,
				AFAFDAD420849C9B005FD637 /* AppDelegate.swift */,
				AF568CB720A5F4C4004B1A38 /* ImageViewController.swift */,
				AFAFDAD620849C9B005FD637 /* ViewController.swift */,
				AFAFDAD820849C9B005FD637 /* Main.storyboard */,
				AFAFDAE62084ADA6005FD637 /* TableViewController.swift */,
				AFAFDAEA2084C534005FD637 /* PersoonViewController.swift */,
				AFAFDAE82084B09D005FD637 /* Persoon.swift */,
				AF7794A420A89AAF00B50053 /* Adres.swift */,
				AFAFDADB20849C9C005FD637 /* Assets.xcassets */,
				AFAFDADD20849C9C005FD637 /* LaunchScreen.storyboard */,
				AFAFDAE020849C9C005FD637 /* Info.plist */,
			);
			path = "Anne-Sophie_Leveugle_werkstuk1";
			sourceTree = "<group>";
		};
/* End PBXGroup section */

/* Begin PBXNativeTarget section */
		AFAFDAD020849C9B005FD637 /* Anne-Sophie_Leveugle_werkstuk1 */ = {
			isa = PBXNativeTarget;
			buildConfigurationList = AFAFDAE320849C9C005FD637 /* Build configuration list for PBXNativeTarget "Anne-Sophie_Leveugle_werkstuk1" */;
			buildPhases = (
				AFAFDACD20849C9B005FD637 /* Sources */,
				AFAFDACE20849C9B005FD637 /* Frameworks */,
				AFAFDACF20849C9B005FD637 /* Resources */,
			);
			buildRules = (
			);
			dependencies = (
			);
			name = "Anne-Sophie_Leveugle_werkstuk1";
			productName = "Anne-Sophie_Leveugle_werkstuk1";
			productReference = AFAFDAD120849C9B005FD637 /* Anne-Sophie_Leveugle_werkstuk1.app */;
			productType = "com.apple.product-type.application";
		};
/* End PBXNativeTarget section */

/* Begin PBXProject section */
		AFAFDAC920849C9B005FD637 /* Project object */ = {
			isa = PBXProject;
			attributes = {
				LastSwiftUpdateCheck = 0930;
				LastUpgradeCheck = 0930;
				ORGANIZATIONNAME = "Anne-Sophie Leveugle";
				TargetAttributes = {
					AFAFDAD020849C9B005FD637 = {
						CreatedOnToolsVersion = 9.3;
					};
				};
			};
			buildConfigurationList = AFAFDACC20849C9B005FD637 /* Build configuration list for PBXProject "Anne-Sophie_Leveugle_werkstuk1" */;
			compatibilityVersion = "Xcode 9.3";
			developmentRegion = en;
			hasScannedForEncodings = 0;
			knownRegions = (
				en,
				Base,
				nl,
			);
			mainGroup = AFAFDAC820849C9B005FD637;
			productRefGroup = AFAFDAD220849C9B005FD637 /* Products */;
			projectDirPath = "";
			projectRoot = "";
			targets = (
				AFAFDAD020849C9B005FD637 /* Anne-Sophie_Leveugle_werkstuk1 */,
			);
		};
/* End PBXProject section */

/* Begin PBXResourcesBuildPhase section */
		AFAFDACF20849C9B005FD637 /* Resources */ = {
			isa = PBXResourcesBuildPhase;
			buildActionMask = 2147483647;
			files = (
				AFAFDADF20849C9C005FD637 /* LaunchScreen.storyboard in Resources */,
				AFAFDADC20849C9C005FD637 /* Assets.xcassets in Resources */,
				AFAFDADA20849C9B005FD637 /* Main.storyboard in Resources */,
			);
			runOnlyForDeploymentPostprocessing = 0;
		};
/* End PBXResourcesBuildPhase section */

/* Begin PBXSourcesBuildPhase section */
		AFAFDACD20849C9B005FD637 /* Sources */ = {
			isa = PBXSourcesBuildPhase;
			buildActionMask = 2147483647;
			files = (
				AFAFDAEB2084C534005FD637 /* PersoonViewController.swift in Sources */,
				AFAFDAD720849C9B005FD637 /* ViewController.swift in Sources */,
				AFAFDAE72084ADA6005FD637 /* TableViewController.swift in Sources */,
				AFAFDAE92084B09D005FD637 /* Persoon.swift in Sources */,
				AF568CB820A5F4C4004B1A38 /* ImageViewController.swift in Sources */,
				AF7794A520A89AAF00B50053 /* Adres.swift in Sources */,
				AFAFDAD520849C9B005FD637 /* AppDelegate.swift in Sources */,
				AF568CBA20A7296C004B1A38 /* MapViewController.swift in Sources */,
			);
			runOnlyForDeploymentPostprocessing = 0;
		};
/* End PBXSourcesBuildPhase section */

/* Begin PBXVariantGroup section */
		AFAFDAD820849C9B005FD637 /* Main.storyboard */ = {
			isa = PBXVariantGroup;
			children = (
				AFAFDAD920849C9B005FD637 /* Base */,
			);
			name = Main.storyboard;
			sourceTree = "<group>";
		};
		AFAFDADD20849C9C005FD637 /* LaunchScreen.storyboard */ = {
			isa = PBXVariantGroup;
			children = (
				AFAFDADE20849C9C005FD637 /* Base */,
			);
			name = LaunchScreen.storyboard;
			sourceTree = "<group>";
		};
/* End PBXVariantGroup section */

/* Begin XCBuildConfiguration section */
		AFAFDAE120849C9C005FD637 /* Debug */ = {
			isa = XCBuildConfiguration;
			buildSettings = {
				ALWAYS_SEARCH_USER_PATHS = NO;
				CLANG_ANALYZER_NONNULL = YES;
				CLANG_ANALYZER_NUMBER_OBJECT_CONVERSION = YES_AGGRESSIVE;
				CLANG_CXX_LANGUAGE_STANDARD = "gnu++14";
				CLANG_CXX_LIBRARY = "libc++";
				CLANG_ENABLE_MODULES = YES;
				CLANG_ENABLE_OBJC_ARC = YES;
				CLANG_ENABLE_OBJC_WEAK = YES;
				CLANG_WARN_BLOCK_CAPTURE_AUTORELEASING = YES;
				CLANG_WARN_BOOL_CONVERSION = YES;
				CLANG_WARN_COMMA = YES;
				CLANG_WARN_CONSTANT_CONVERSION = YES;
				CLANG_WARN_DEPRECATED_OBJC_IMPLEMENTATIONS = YES;
				CLANG_WARN_DIRECT_OBJC_ISA_USAGE = YES_ERROR;
				CLANG_WARN_DOCUMENTATION_COMMENTS = YES;
				CLANG_WARN_EMPTY_BODY = YES;
				CLANG_WARN_ENUM_CONVERSION = YES;
				CLANG_WARN_INFINITE_RECURSION = YES;
				CLANG_WARN_INT_CONVERSION = YES;
				CLANG_WARN_NON_LITERAL_NULL_CONVERSION = YES;
				CLANG_WARN_OBJC_IMPLICIT_RETAIN_SELF = YES;
				CLANG_WARN_OBJC_LITERAL_CONVERSION = YES;
				CLANG_WARN_OBJC_ROOT_CLASS = YES_ERROR;
				CLANG_WARN_RANGE_LOOP_ANALYSIS = YES;
				CLANG_WARN_STRICT_PROTOTYPES = YES;
				CLANG_WARN_SUSPICIOUS_MOVE = YES;
				CLANG_WARN_UNGUARDED_AVAILABILITY = YES_AGGRESSIVE;
				CLANG_WARN_UNREACHABLE_CODE = YES;
				CLANG_WARN__DUPLICATE_METHOD_MATCH = YES;
				CODE_SIGN_IDENTITY = "iPhone Developer";
				COPY_PHASE_STRIP = NO;
				DEBUG_INFORMATION_FORMAT = dwarf;
				ENABLE_STRICT_OBJC_MSGSEND = YES;
				ENABLE_TESTABILITY = YES;
				GCC_C_LANGUAGE_STANDARD = gnu11;
				GCC_DYNAMIC_NO_PIC = NO;
				GCC_NO_COMMON_BLOCKS = YES;
				GCC_OPTIMIZATION_LEVEL = 0;
				GCC_PREPROCESSOR_DEFINITIONS = (
					"DEBUG=1",
					"$(inherited)",
				);
				GCC_WARN_64_TO_32_BIT_CONVERSION = YES;
				GCC_WARN_ABOUT_RETURN_TYPE = YES_ERROR;
				GCC_WARN_UNDECLARED_SELECTOR = YES;
				GCC_WARN_UNINITIALIZED_AUTOS = YES_AGGRESSIVE;
				GCC_WARN_UNUSED_FUNCTION = YES;
				GCC_WARN_UNUSED_VARIABLE = YES;
				IPHONEOS_DEPLOYMENT_TARGET = 11.3;
				MTL_ENABLE_DEBUG_INFO = YES;
				ONLY_ACTIVE_ARCH = YES;
				SDKROOT = iphoneos;
				SWIFT_ACTIVE_COMPILATION_CONDITIONS = DEBUG;
				SWIFT_OPTIMIZATION_LEVEL = "-Onone";
			};
			name = Debug;
		};
		AFAFDAE220849C9C005FD637 /* Release */ = {
			isa = XCBuildConfiguration;
			buildSettings = {
				ALWAYS_SEARCH_USER_PATHS = NO;
				CLANG_ANALYZER_NONNULL = YES;
				CLANG_ANALYZER_NUMBER_OBJECT_CONVERSION = YES_AGGRESSIVE;
				CLANG_CXX_LANGUAGE_STANDARD = "gnu++14";
				CLANG_CXX_LIBRARY = "libc++";
				CLANG_ENABLE_MODULES = YES;
				CLANG_ENABLE_OBJC_ARC = YES;
				CLANG_ENABLE_OBJC_WEAK = YES;
				CLANG_WARN_BLOCK_CAPTURE_AUTORELEASING = YES;
				CLANG_WARN_BOOL_CONVERSION = YES;
				CLANG_WARN_COMMA = YES;
				CLANG_WARN_CONSTANT_CONVERSION = YES;
				CLANG_WARN_DEPRECATED_OBJC_IMPLEMENTATIONS = YES;
				CLANG_WARN_DIRECT_OBJC_ISA_USAGE = YES_ERROR;
				CLANG_WARN_DOCUMENTATION_COMMENTS = YES;
				CLANG_WARN_EMPTY_BODY = YES;
				CLANG_WARN_ENUM_CONVERSION = YES;
				CLANG_WARN_INFINITE_RECURSION = YES;
				CLANG_WARN_INT_CONVERSION = YES;
				CLANG_WARN_NON_LITERAL_NULL_CONVERSION = YES;
				CLANG_WARN_OBJC_IMPLICIT_RETAIN_SELF = YES;
				CLANG_WARN_OBJC_LITERAL_CONVERSION = YES;
				CLANG_WARN_OBJC_ROOT_CLASS = YES_ERROR;
				CLANG_WARN_RANGE_LOOP_ANALYSIS = YES;
				CLANG_WARN_STRICT_PROTOTYPES = YES;
				CLANG_WARN_SUSPICIOUS_MOVE = YES;
				CLANG_WARN_UNGUARDED_AVAILABILITY = YES_AGGRESSIVE;
				CLANG_WARN_UNREACHABLE_CODE = YES;
				CLANG_WARN__DUPLICATE_METHOD_MATCH = YES;
				CODE_SIGN_IDENTITY = "iPhone Developer";
				COPY_PHASE_STRIP = NO;
				DEBUG_INFORMATION_FORMAT = "dwarf-with-dsym";
				ENABLE_NS_ASSERTIONS = NO;
				ENABLE_STRICT_OBJC_MSGSEND = YES;
				GCC_C_LANGUAGE_STANDARD = gnu11;
				GCC_NO_COMMON_BLOCKS = YES;
				GCC_WARN_64_TO_32_BIT_CONVERSION = YES;
				GCC_WARN_ABOUT_RETURN_TYPE = YES_ERROR;
				GCC_WARN_UNDECLARED_SELECTOR = YES;
				GCC_WARN_UNINITIALIZED_AUTOS = YES_AGGRESSIVE;
				GCC_WARN_UNUSED_FUNCTION = YES;
				GCC_WARN_UNUSED_VARIABLE = YES;
				IPHONEOS_DEPLOYMENT_TARGET = 11.3;
				MTL_ENABLE_DEBUG_INFO = NO;
				SDKROOT = iphoneos;
				SWIFT_COMPILATION_MODE = wholemodule;
				SWIFT_OPTIMIZATION_LEVEL = "-O";
				VALIDATE_PRODUCT = YES;
			};
			name = Release;
		};
		AFAFDAE420849C9C005FD637 /* Debug */ = {
			isa = XCBuildConfiguration;
			buildSettings = {
				ASSETCATALOG_COMPILER_APPICON_NAME = AppIcon;
				CODE_SIGN_STYLE = Automatic;
				INFOPLIST_FILE = "Anne-Sophie_Leveugle_werkstuk1/Info.plist";
				LD_RUNPATH_SEARCH_PATHS = (
					"$(inherited)",
					"@executable_path/Frameworks",
				);
				PRODUCT_BUNDLE_IDENTIFIER = "com.example.Anne-Sophie-Leveugle-werkstuk1";
				PRODUCT_NAME = "$(TARGET_NAME)";
				SWIFT_VERSION = 4.0;
				TARGETED_DEVICE_FAMILY = "1,2";
			};
			name = Debug;
		};
		AFAFDAE520849C9C005FD637 /* Release */ = {
			isa = XCBuildConfiguration;
			buildSettings = {
				ASSETCATALOG_COMPILER_APPICON_NAME = AppIcon;
				CODE_SIGN_STYLE = Automatic;
				INFOPLIST_FILE = "Anne-Sophie_Leveugle_werkstuk1/Info.plist";
				LD_RUNPATH_SEARCH_PATHS = (
					"$(inherited)",
					"@executable_path/Frameworks",
				);
				PRODUCT_BUNDLE_IDENTIFIER = "com.example.Anne-Sophie-Leveugle-werkstuk1";
				PRODUCT_NAME = "$(TARGET_NAME)";
				SWIFT_VERSION = 4.0;
				TARGETED_DEVICE_FAMILY = "1,2";
			};
			name = Release;
		};
/* End XCBuildConfiguration section */

/* Begin XCConfigurationList section */
		AFAFDACC20849C9B005FD637 /* Build configuration list for PBXProject "Anne-Sophie_Leveugle_werkstuk1" */ = {
			isa = XCConfigurationList;
			buildConfigurations = (
				AFAFDAE120849C9C005FD637 /* Debug */,
				AFAFDAE220849C9C005FD637 /* Release */,
			);
			defaultConfigurationIsVisible = 0;
			defaultConfigurationName = Release;
		};
		AFAFDAE320849C9C005FD637 /* Build configuration list for PBXNativeTarget "Anne-Sophie_Leveugle_werkstuk1" */ = {
			isa = XCConfigurationList;
			buildConfigurations = (
				AFAFDAE420849C9C005FD637 /* Debug */,
				AFAFDAE520849C9C005FD637 /* Release */,
			);
			defaultConfigurationIsVisible = 0;
			defaultConfigurationName = Release;
		};
/* End XCConfigurationList section */
	};
	rootObject = AFAFDAC920849C9B005FD637 /* Project object */;
}
